
Microsoft Visual Studio Solution File, Format Version 12.00
# Visual Studio Version 17
VisualStudioVersion = 17.7.34221.43
MinimumVisualStudioVersion = 10.0.40219.1
Project("{FAE04EC0-301F-11D3-BF4B-00C04F79EFBC}") = "WindowsFormsApp1_2", "WindowsFormsApp1_2\WindowsFormsApp1_2.csproj", "{7C5DFFAF-73D6-4F5F-83D3-DFC3A58A048D}"
EndProject
Global
	GlobalSection(SolutionConfigurationPlatforms) = preSolution
		Debug|Any CPU = Debug|Any CPU
		Release|Any CPU = Release|Any CPU
	EndGlobalSection
	GlobalSection(ProjectConfigurationPlatforms) = postSolution
		{7C5DFFAF-73D6-4F5F-83D3-DFC3A58A048D}.Debug|Any CPU.ActiveCfg = Debug|Any CPU
		{7C5DFFAF-73D6-4F5F-83D3-DFC3A58A048D}.Debug|Any CPU.Build.0 = Debug|Any CPU
		{7C5DFFAF-73D6-4F5F-83D3-DFC3A58A048D}.Release|Any CPU.ActiveCfg = Release|Any CPU
		{7C5DFFAF-73D6-4F5F-83D3-DFC3A58A048D}.Release|Any CPU.Build.0 = Release|Any CPU
	EndGlobalSection
	GlobalSection(SolutionProperties) = preSolution
		HideSolutionNode = FALSE
	EndGlobalSection
	GlobalSection(ExtensibilityGlobals) = postSolution
		SolutionGuid = {EE62CB2B-6F93-4066-88C9-5BAB2C1D0554}
	EndGlobalSection
EndGlobal
